
Microsoft Visual Studio Solution File, Format Version 12.00
Project("{FAE04EC0-301F-11D3-BF4B-00C04F79EFBC}") = "SignalR", "SignalR\SignalR.csproj", "{0190B77E-289E-4C80-A180-E52FD4002FBE}"
EndProject
Global
	GlobalSection(SolutionConfigurationPlatforms) = preSolution
		Debug|Any CPU = Debug|Any CPU
		Release|Any CPU = Release|Any CPU
	EndGlobalSection
	GlobalSection(ProjectConfigurationPlatforms) = postSolution
		{0190B77E-289E-4C80-A180-E52FD4002FBE}.Debug|Any CPU.ActiveCfg = Debug|Any CPU
		{0190B77E-289E-4C80-A180-E52FD4002FBE}.Debug|Any CPU.Build.0 = Debug|Any CPU
		{0190B77E-289E-4C80-A180-E52FD4002FBE}.Release|Any CPU.ActiveCfg = Release|Any CPU
		{0190B77E-289E-4C80-A180-E52FD4002FBE}.Release|Any CPU.Build.0 = Release|Any CPU
	EndGlobalSection
EndGlobal
